PODS:
  - APAddressBook (0.2.1):
    - APAddressBook/Core (= 0.2.1)
  - APAddressBook/Core (0.2.1)
  - SVProgressHUD (1.1.3)

DEPENDENCIES:
  - APAddressBook (~> 0.2)
  - SVProgressHUD

SPEC CHECKSUMS:
  APAddressBook: 90c0fb07579a47e10ef1a2344e23cfd35f388bec
  SVProgressHUD: 748080e4f36e603f6c02aec292664239df5279c1

COCOAPODS: 0.39.0
