// !$*UTF8*$!
{
	archiveVersion = 1;
	classes = {
	};
	objectVersion = 46;
	objects = {

/* Begin PBXBuildFile section */
		75C4CF7E4C611113F6AF743F /* libPods-KBContactsSelectionExample.a in Frameworks */ = {isa = PBXBuildFile; fileRef = 1F7BCC02A23C2CA0F417AE24 /* libPods-KBContactsSelectionExample.a */; };
		8E89D5D71A3CA8B6001CE6D7 /* main.m in Sources */ = {isa = PBXBuildFile; fileRef = 8E89D5D61A3CA8B6001CE6D7 /* main.m */; };
		8E89D5DA1A3CA8B6001CE6D7 /* AppDelegate.m in Sources */ = {isa = PBXBuildFile; fileRef = 8E89D5D91A3CA8B6001CE6D7 /* AppDelegate.m */; };
		8E89D5DD1A3CA8B6001CE6D7 /* ViewController.m in Sources */ = {isa = PBXBuildFile; fileRef = 8E89D5DC1A3CA8B6001CE6D7 /* ViewController.m */; };
		8E89D5E01A3CA8B6001CE6D7 /* Main.storyboard in Resources */ = {isa = PBXBuildFile; fileRef = 8E89D5DE1A3CA8B6001CE6D7 /* Main.storyboard */; };
		8E89D5E21A3CA8B6001CE6D7 /* Images.xcassets in Resources */ = {isa = PBXBuildFile; fileRef = 8E89D5E11A3CA8B6001CE6D7 /* Images.xcassets */; };
		8E89D5E51A3CA8B6001CE6D7 /* LaunchScreen.xib in Resources */ = {isa = PBXBuildFile; fileRef = 8E89D5E31A3CA8B6001CE6D7 /* LaunchScreen.xib */; };
		8E89D5F11A3CA8B6001CE6D7 /* KBContactsSelectionExampleTests.m in Sources */ = {isa = PBXBuildFile; fileRef = 8E89D5F01A3CA8B6001CE6D7 /* KBContactsSelectionExampleTests.m */; };
		8E89D5FE1A3CA94B001CE6D7 /* KBContactsSelectionViewController.m in Sources */ = {isa = PBXBuildFile; fileRef = 8E89D5FC1A3CA94B001CE6D7 /* KBContactsSelectionViewController.m */; };
		8E89D5FF1A3CA94B001CE6D7 /* KBContactsSelectionViewController.xib in Resources */ = {isa = PBXBuildFile; fileRef = 8E89D5FD1A3CA94B001CE6D7 /* KBContactsSelectionViewController.xib */; };
		8E89D6031A3CAA75001CE6D7 /* KBContactCell.m in Sources */ = {isa = PBXBuildFile; fileRef = 8E89D6011A3CAA75001CE6D7 /* KBContactCell.m */; };
		8E89D6041A3CAA75001CE6D7 /* KBContactCell.xib in Resources */ = {isa = PBXBuildFile; fileRef = 8E89D6021A3CAA75001CE6D7 /* KBContactCell.xib */; };
		8E89D60A1A3CAB45001CE6D7 /* KBRadioButton.m in Sources */ = {isa = PBXBuildFile; fileRef = 8E89D6091A3CAB45001CE6D7 /* KBRadioButton.m */; };
		8E89D60D1A3CAEEC001CE6D7 /* KBContactsTableViewDataSource.m in Sources */ = {isa = PBXBuildFile; fileRef = 8E89D60C1A3CAEEC001CE6D7 /* KBContactsTableViewDataSource.m */; };
		8E89D6101A3CB5F6001CE6D7 /* APContact+FullName.m in Sources */ = {isa = PBXBuildFile; fileRef = 8E89D60F1A3CB5F6001CE6D7 /* APContact+FullName.m */; };
		8EA2FD7B1A407C4B00332755 /* KBContactsSelectionConfiguration.m in Sources */ = {isa = PBXBuildFile; fileRef = 8EA2FD7A1A407C4B00332755 /* KBContactsSelectionConfiguration.m */; };
		8EA2FD7D1A408A8000332755 /* MessageUI.framework in Frameworks */ = {isa = PBXBuildFile; fileRef = 8EA2FD7C1A408A8000332755 /* MessageUI.framework */; };
/* End PBXBuildFile section */

/* Begin PBXContainerItemProxy section */
		8E89D5EB1A3CA8B6001CE6D7 /* PBXContainerItemProxy */ = {
			isa = PBXContainerItemProxy;
			containerPortal = 8E89D5C91A3CA8B6001CE6D7 /* Project object */;
			proxyType = 1;
			remoteGlobalIDString = 8E89D5D01A3CA8B6001CE6D7;
			remoteInfo = KBContactsSelectionExample;
		};
/* End PBXContainerItemProxy section */

/* Begin PBXFileReference section */
		1F7BCC02A23C2CA0F417AE24 /* libPods-KBContactsSelectionExample.a */ = {isa = PBXFileReference; explicitFileType = archive.ar; includeInIndex = 0; path = "libPods-KBContactsSelectionExample.a"; sourceTree = BUILT_PRODUCTS_DIR; };
		8E89D5D11A3CA8B6001CE6D7 /* KBContactsSelectionExample.app */ = {isa = PBXFileReference; explicitFileType = wrapper.application; includeInIndex = 0; path = KBContactsSelectionExample.app; sourceTree = BUILT_PRODUCTS_DIR; };
		8E89D5D51A3CA8B6001CE6D7 /* Info.plist */ = {isa = PBXFileReference; lastKnownFileType = text.plist.xml; path = Info.plist; sourceTree = "<group>"; };
		8E89D5D61A3CA8B6001CE6D7 /* main.m */ = {isa = PBXFileReference; lastKnownFileType = sourcecode.c.objc; path = main.m; sourceTree = "<group>"; };
		8E89D5D81A3CA8B6001CE6D7 /* AppDelegate.h */ = {isa = PBXFileReference; lastKnownFileType = sourcecode.c.h; path = AppDelegate.h; sourceTree = "<group>"; };
		8E89D5D91A3CA8B6001CE6D7 /* AppDelegate.m */ = {isa = PBXFileReference; lastKnownFileType = sourcecode.c.objc; path = AppDelegate.m; sourceTree = "<group>"; };
		8E89D5DB1A3CA8B6001CE6D7 /* ViewController.h */ = {isa = PBXFileReference; lastKnownFileType = sourcecode.c.h; path = ViewController.h; sourceTree = "<group>"; };
		8E89D5DC1A3CA8B6001CE6D7 /* ViewController.m */ = {isa = PBXFileReference; lastKnownFileType = sourcecode.c.objc; path = ViewController.m; sourceTree = "<group>"; };
		8E89D5DF1A3CA8B6001CE6D7 /* Base */ = {isa = PBXFileReference; lastKnownFileType = file.storyboard; name = Base; path = Base.lproj/Main.storyboard; sourceTree = "<group>"; };
		8E89D5E11A3CA8B6001CE6D7 /* Images.xcassets */ = {isa = PBXFileReference; lastKnownFileType = folder.assetcatalog; path = Images.xcassets; sourceTree = "<group>"; };
		8E89D5E41A3CA8B6001CE6D7 /* Base */ = {isa = PBXFileReference; lastKnownFileType = file.xib; name = Base; path = Base.lproj/LaunchScreen.xib; sourceTree = "<group>"; };
		8E89D5EA1A3CA8B6001CE6D7 /* KBContactsSelectionExampleTests.xctest */ = {isa = PBXFileReference; explicitFileType = wrapper.cfbundle; includeInIndex = 0; path = KBContactsSelectionExampleTests.xctest; sourceTree = BUILT_PRODUCTS_DIR; };
		8E89D5EF1A3CA8B6001CE6D7 /* Info.plist */ = {isa = PBXFileReference; lastKnownFileType = text.plist.xml; path = Info.plist; sourceTree = "<group>"; };
		8E89D5F01A3CA8B6001CE6D7 /* KBContactsSelectionExampleTests.m */ = {isa = PBXFileReference; lastKnownFileType = sourcecode.c.objc; path = KBContactsSelectionExampleTests.m; sourceTree = "<group>"; };
		8E89D5FB1A3CA94B001CE6D7 /* KBContactsSelectionViewController.h */ = {isa = PBXFileReference; fileEncoding = 4; lastKnownFileType = sourcecode.c.h; path = KBContactsSelectionViewController.h; sourceTree = "<group>"; };
		8E89D5FC1A3CA94B001CE6D7 /* KBContactsSelectionViewController.m */ = {isa = PBXFileReference; fileEncoding = 4; lastKnownFileType = sourcecode.c.objc; path = KBContactsSelectionViewController.m; sourceTree = "<group>"; };
		8E89D5FD1A3CA94B001CE6D7 /* KBContactsSelectionViewController.xib */ = {isa = PBXFileReference; fileEncoding = 4; lastKnownFileType = file.xib; path = KBContactsSelectionViewController.xib; sourceTree = "<group>"; };
		8E89D6001A3CAA75001CE6D7 /* KBContactCell.h */ = {isa = PBXFileReference; fileEncoding = 4; lastKnownFileType = sourcecode.c.h; path = KBContactCell.h; sourceTree = "<group>"; };
		8E89D6011A3CAA75001CE6D7 /* KBContactCell.m */ = {isa = PBXFileReference; fileEncoding = 4; lastKnownFileType = sourcecode.c.objc; path = KBContactCell.m; sourceTree = "<group>"; };
		8E89D6021A3CAA75001CE6D7 /* KBContactCell.xib */ = {isa = PBXFileReference; fileEncoding = 4; lastKnownFileType = file.xib; path = KBContactCell.xib; sourceTree = "<group>"; };
		8E89D6081A3CAB45001CE6D7 /* KBRadioButton.h */ = {isa = PBXFileReference; fileEncoding = 4; lastKnownFileType = sourcecode.c.h; path = KBRadioButton.h; sourceTree = "<group>"; };
		8E89D6091A3CAB45001CE6D7 /* KBRadioButton.m */ = {isa = PBXFileReference; fileEncoding = 4; lastKnownFileType = sourcecode.c.objc; path = KBRadioButton.m; sourceTree = "<group>"; };
		8E89D60B1A3CAEEC001CE6D7 /* KBContactsTableViewDataSource.h */ = {isa = PBXFileReference; fileEncoding = 4; lastKnownFileType = sourcecode.c.h; path = KBContactsTableViewDataSource.h; sourceTree = "<group>"; };
		8E89D60C1A3CAEEC001CE6D7 /* KBContactsTableViewDataSource.m */ = {isa = PBXFileReference; fileEncoding = 4; lastKnownFileType = sourcecode.c.objc; path = KBContactsTableViewDataSource.m; sourceTree = "<group>"; };
		8E89D60E1A3CB5F6001CE6D7 /* APContact+FullName.h */ = {isa = PBXFileReference; fileEncoding = 4; lastKnownFileType = sourcecode.c.h; path = "APContact+FullName.h"; sourceTree = "<group>"; };
		8E89D60F1A3CB5F6001CE6D7 /* APContact+FullName.m */ = {isa = PBXFileReference; fileEncoding = 4; lastKnownFileType = sourcecode.c.objc; path = "APContact+FullName.m"; sourceTree = "<group>"; };
		8EA2FD791A407C4B00332755 /* KBContactsSelectionConfiguration.h */ = {isa = PBXFileReference; fileEncoding = 4; lastKnownFileType = sourcecode.c.h; path = KBContactsSelectionConfiguration.h; sourceTree = "<group>"; };
		8EA2FD7A1A407C4B00332755 /* KBContactsSelectionConfiguration.m */ = {isa = PBXFileReference; fileEncoding = 4; lastKnownFileType = sourcecode.c.objc; path = KBContactsSelectionConfiguration.m; sourceTree = "<group>"; };
		8EA2FD7C1A408A8000332755 /* MessageUI.framework */ = {isa = PBXFileReference; lastKnownFileType = wrapper.framework; name = MessageUI.framework; path = System/Library/Frameworks/MessageUI.framework; sourceTree = SDKROOT; };
		A9CB46BDAB0549C2A36BE3C5 /* Pods-KBContactsSelectionExample.debug.xcconfig */ = {isa = PBXFileReference; includeInIndex = 1; lastKnownFileType = text.xcconfig; name = "Pods-KBContactsSelectionExample.debug.xcconfig"; path = "Pods/Target Support Files/Pods-KBContactsSelectionExample/Pods-KBContactsSelectionExample.debug.xcconfig"; sourceTree = "<group>"; };
		AA483AA219930DF2E6570916 /* Pods-KBContactsSelectionExample.release.xcconfig */ = {isa = PBXFileReference; includeInIndex = 1; lastKnownFileType = text.xcconfig; name = "Pods-KBContactsSelectionExample.release.xcconfig"; path = "Pods/Target Support Files/Pods-KBContactsSelectionExample/Pods-KBContactsSelectionExample.release.xcconfig"; sourceTree = "<group>"; };
/* End PBXFileReference section */

/* Begin PBXFrameworksBuildPhase section */
		8E89D5CE1A3CA8B6001CE6D7 /* Frameworks */ = {
			isa = PBXFrameworksBuildPhase;
			buildActionMask = 2147483647;
			files = (
				8EA2FD7D1A408A8000332755 /* MessageUI.framework in Frameworks */,
				75C4CF7E4C611113F6AF743F /* libPods-KBContactsSelectionExample.a in Frameworks */,
			);
			runOnlyForDeploymentPostprocessing = 0;
		};
		8E89D5E71A3CA8B6001CE6D7 /* Frameworks */ = {
			isa = PBXFrameworksBuildPhase;
			buildActionMask = 2147483647;
			files = (
			);
			runOnlyForDeploymentPostprocessing = 0;
		};
/* End PBXFrameworksBuildPhase section */

/* Begin PBXGroup section */
		57D93EEB4FA514A7C53CC089 /* Pods */ = {
			isa = PBXGroup;
			children = (
				A9CB46BDAB0549C2A36BE3C5 /* Pods-KBContactsSelectionExample.debug.xcconfig */,
				AA483AA219930DF2E6570916 /* Pods-KBContactsSelectionExample.release.xcconfig */,
			);
			name = Pods;
			sourceTree = "<group>";
		};
		6967E0D7F87E81DF45EC070D /* Frameworks */ = {
			isa = PBXGroup;
			children = (
				8EA2FD7C1A408A8000332755 /* MessageUI.framework */,
				1F7BCC02A23C2CA0F417AE24 /* libPods-KBContactsSelectionExample.a */,
			);
			name = Frameworks;
			sourceTree = "<group>";
		};
		8E89D5C81A3CA8B6001CE6D7 = {
			isa = PBXGroup;
			children = (
				8E89D5FA1A3CA8CA001CE6D7 /* KBContactsSelection */,
				8E89D5D31A3CA8B6001CE6D7 /* KBContactsSelectionExample */,
				8E89D5ED1A3CA8B6001CE6D7 /* KBContactsSelectionExampleTests */,
				8E89D5D21A3CA8B6001CE6D7 /* Products */,
				57D93EEB4FA514A7C53CC089 /* Pods */,
				6967E0D7F87E81DF45EC070D /* Frameworks */,
			);
			sourceTree = "<group>";
		};
		8E89D5D21A3CA8B6001CE6D7 /* Products */ = {
			isa = PBXGroup;
			children = (
				8E89D5D11A3CA8B6001CE6D7 /* KBContactsSelectionExample.app */,
				8E89D5EA1A3CA8B6001CE6D7 /* KBContactsSelectionExampleTests.xctest */,
			);
			name = Products;
			sourceTree = "<group>";
		};
		8E89D5D31A3CA8B6001CE6D7 /* KBContactsSelectionExample */ = {
			isa = PBXGroup;
			children = (
				8E89D5D81A3CA8B6001CE6D7 /* AppDelegate.h */,
				8E89D5D91A3CA8B6001CE6D7 /* AppDelegate.m */,
				8E89D5DB1A3CA8B6001CE6D7 /* ViewController.h */,
				8E89D5DC1A3CA8B6001CE6D7 /* ViewController.m */,
				8E89D5DE1A3CA8B6001CE6D7 /* Main.storyboard */,
				8E89D5E11A3CA8B6001CE6D7 /* Images.xcassets */,
				8E89D5E31A3CA8B6001CE6D7 /* LaunchScreen.xib */,
				8E89D5D41A3CA8B6001CE6D7 /* Supporting Files */,
			);
			path = KBContactsSelectionExample;
			sourceTree = "<group>";
		};
		8E89D5D41A3CA8B6001CE6D7 /* Supporting Files */ = {
			isa = PBXGroup;
			children = (
				8E89D5D51A3CA8B6001CE6D7 /* Info.plist */,
				8E89D5D61A3CA8B6001CE6D7 /* main.m */,
			);
			name = "Supporting Files";
			sourceTree = "<group>";
		};
		8E89D5ED1A3CA8B6001CE6D7 /* KBContactsSelectionExampleTests */ = {
			isa = PBXGroup;
			children = (
				8E89D5F01A3CA8B6001CE6D7 /* KBContactsSelectionExampleTests.m */,
				8E89D5EE1A3CA8B6001CE6D7 /* Supporting Files */,
			);
			path = KBContactsSelectionExampleTests;
			sourceTree = "<group>";
		};
		8E89D5EE1A3CA8B6001CE6D7 /* Supporting Files */ = {
			isa = PBXGroup;
			children = (
				8E89D5EF1A3CA8B6001CE6D7 /* Info.plist */,
			);
			name = "Supporting Files";
			sourceTree = "<group>";
		};
		8E89D5FA1A3CA8CA001CE6D7 /* KBContactsSelection */ = {
			isa = PBXGroup;
			children = (
				8E89D5FB1A3CA94B001CE6D7 /* KBContactsSelectionViewController.h */,
				8E89D5FC1A3CA94B001CE6D7 /* KBContactsSelectionViewController.m */,
				8E89D5FD1A3CA94B001CE6D7 /* KBContactsSelectionViewController.xib */,
				8E89D6001A3CAA75001CE6D7 /* KBContactCell.h */,
				8E89D6011A3CAA75001CE6D7 /* KBContactCell.m */,
				8E89D6021A3CAA75001CE6D7 /* KBContactCell.xib */,
				8E89D6081A3CAB45001CE6D7 /* KBRadioButton.h */,
				8E89D6091A3CAB45001CE6D7 /* KBRadioButton.m */,
				8E89D60B1A3CAEEC001CE6D7 /* KBContactsTableViewDataSource.h */,
				8E89D60C1A3CAEEC001CE6D7 /* KBContactsTableViewDataSource.m */,
				8E89D60E1A3CB5F6001CE6D7 /* APContact+FullName.h */,
				8E89D60F1A3CB5F6001CE6D7 /* APContact+FullName.m */,
				8EA2FD791A407C4B00332755 /* KBContactsSelectionConfiguration.h */,
				8EA2FD7A1A407C4B00332755 /* KBContactsSelectionConfiguration.m */,
			);
			path = KBContactsSelection;
			sourceTree = "<group>";
		};
/* End PBXGroup section */

/* Begin PBXNativeTarget section */
		8E89D5D01A3CA8B6001CE6D7 /* KBContactsSelectionExample */ = {
			isa = PBXNativeTarget;
			buildConfigurationList = 8E89D5F41A3CA8B6001CE6D7 /* Build configuration list for PBXNativeTarget "KBContactsSelectionExample" */;
			buildPhases = (
				39F80C56EA2581B8040C3231 /* Check Pods Manifest.lock */,
				8E89D5CD1A3CA8B6001CE6D7 /* Sources */,
				8E89D5CE1A3CA8B6001CE6D7 /* Frameworks */,
				8E89D5CF1A3CA8B6001CE6D7 /* Resources */,
				308335FCB7A1F66B168B5A40 /* Copy Pods Resources */,
				DDE45013F81762B152C74461 /* Embed Pods Frameworks */,
			);
			buildRules = (
			);
			dependencies = (
			);
			name = KBContactsSelectionExample;
			productName = KBContactsSelectionExample;
			productReference = 8E89D5D11A3CA8B6001CE6D7 /* KBContactsSelectionExample.app */;
			productType = "com.apple.product-type.application";
		};
		8E89D5E91A3CA8B6001CE6D7 /* KBContactsSelectionExampleTests */ = {
			isa = PBXNativeTarget;
			buildConfigurationList = 8E89D5F71A3CA8B6001CE6D7 /* Build configuration list for PBXNativeTarget "KBContactsSelectionExampleTests" */;
			buildPhases = (
				8E89D5E61A3CA8B6001CE6D7 /* Sources */,
				8E89D5E71A3CA8B6001CE6D7 /* Frameworks */,
				8E89D5E81A3CA8B6001CE6D7 /* Resources */,
			);
			buildRules = (
			);
			dependencies = (
				8E89D5EC1A3CA8B6001CE6D7 /* PBXTargetDependency */,
			);
			name = KBContactsSelectionExampleTests;
			productName = KBContactsSelectionExampleTests;
			productReference = 8E89D5EA1A3CA8B6001CE6D7 /* KBContactsSelectionExampleTests.xctest */;
			productType = "com.apple.product-type.bundle.unit-test";
		};
/* End PBXNativeTarget section */

/* Begin PBXProject section */
		8E89D5C91A3CA8B6001CE6D7 /* Project object */ = {
			isa = PBXProject;
			attributes = {
				LastUpgradeCheck = 0710;
				ORGANIZATIONNAME = Sigmapoint;
				TargetAttributes = {
					8E89D5D01A3CA8B6001CE6D7 = {
						CreatedOnToolsVersion = 6.1.1;
					};
					8E89D5E91A3CA8B6001CE6D7 = {
						CreatedOnToolsVersion = 6.1.1;
						TestTargetID = 8E89D5D01A3CA8B6001CE6D7;
					};
				};
			};
			buildConfigurationList = 8E89D5CC1A3CA8B6001CE6D7 /* Build configuration list for PBXProject "KBContactsSelectionExample" */;
			compatibilityVersion = "Xcode 3.2";
			developmentRegion = English;
			hasScannedForEncodings = 0;
			knownRegions = (
				en,
				Base,
			);
			mainGroup = 8E89D5C81A3CA8B6001CE6D7;
			productRefGroup = 8E89D5D21A3CA8B6001CE6D7 /* Products */;
			projectDirPath = "";
			projectRoot = "";
			targets = (
				8E89D5D01A3CA8B6001CE6D7 /* KBContactsSelectionExample */,
				8E89D5E91A3CA8B6001CE6D7 /* KBContactsSelectionExampleTests */,
			);
		};
/* End PBXProject section */

/* Begin PBXResourcesBuildPhase section */
		8E89D5CF1A3CA8B6001CE6D7 /* Resources */ = {
			isa = PBXResourcesBuildPhase;
			buildActionMask = 2147483647;
			files = (
				8E89D5E01A3CA8B6001CE6D7 /* Main.storyboard in Resources */,
				8E89D5E51A3CA8B6001CE6D7 /* LaunchScreen.xib in Resources */,
				8E89D5E21A3CA8B6001CE6D7 /* Images.xcassets in Resources */,
				8E89D6041A3CAA75001CE6D7 /* KBContactCell.xib in Resources */,
				8E89D5FF1A3CA94B001CE6D7 /* KBContactsSelectionViewController.xib in Resources */,
			);
			runOnlyForDeploymentPostprocessing = 0;
		};
		8E89D5E81A3CA8B6001CE6D7 /* Resources */ = {
			isa = PBXResourcesBuildPhase;
			buildActionMask = 2147483647;
			files = (
			);
			runOnlyForDeploymentPostprocessing = 0;
		};
/* End PBXResourcesBuildPhase section */

/* Begin PBXShellScriptBuildPhase section */
		308335FCB7A1F66B168B5A40 /* Copy Pods Resources */ = {
			isa = PBXShellScriptBuildPhase;
			buildActionMask = 2147483647;
			files = (
			);
			inputPaths = (
			);
			name = "Copy Pods Resources";
			outputPaths = (
			);
			runOnlyForDeploymentPostprocessing = 0;
			shellPath = /bin/sh;
			shellScript = "\"${SRCROOT}/Pods/Target Support Files/Pods-KBContactsSelectionExample/Pods-KBContactsSelectionExample-resources.sh\"\n";
			showEnvVarsInLog = 0;
		};
		39F80C56EA2581B8040C3231 /* Check Pods Manifest.lock */ = {
			isa = PBXShellScriptBuildPhase;
			buildActionMask = 2147483647;
			files = (
			);
			inputPaths = (
			);
			name = "Check Pods Manifest.lock";
			outputPaths = (
			);
			runOnlyForDeploymentPostprocessing = 0;
			shellPath = /bin/sh;
			shellScript = "diff \"${PODS_ROOT}/../Podfile.lock\" \"${PODS_ROOT}/Manifest.lock\" > /dev/null\nif [[ $? != 0 ]] ; then\n    cat << EOM\nerror: The sandbox is not in sync with the Podfile.lock. Run 'pod install' or update your CocoaPods installation.\nEOM\n    exit 1\nfi\n";
			showEnvVarsInLog = 0;
		};
		DDE45013F81762B152C74461 /* Embed Pods Frameworks */ = {
			isa = PBXShellScriptBuildPhase;
			buildActionMask = 2147483647;
			files = (
			);
			inputPaths = (
			);
			name = "Embed Pods Frameworks";
			outputPaths = (
			);
			runOnlyForDeploymentPostprocessing = 0;
			shellPath = /bin/sh;
			shellScript = "\"${SRCROOT}/Pods/Target Support Files/Pods-KBContactsSelectionExample/Pods-KBContactsSelectionExample-frameworks.sh\"\n";
			showEnvVarsInLog = 0;
		};
/* End PBXShellScriptBuildPhase section */

/* Begin PBXSourcesBuildPhase section */
		8E89D5CD1A3CA8B6001CE6D7 /* Sources */ = {
			isa = PBXSourcesBuildPhase;
			buildActionMask = 2147483647;
			files = (
				8E89D60A1A3CAB45001CE6D7 /* KBRadioButton.m in Sources */,
				8E89D5DD1A3CA8B6001CE6D7 /* ViewController.m in Sources */,
				8E89D5DA1A3CA8B6001CE6D7 /* AppDelegate.m in Sources */,
				8EA2FD7B1A407C4B00332755 /* KBContactsSelectionConfiguration.m in Sources */,
				8E89D6101A3CB5F6001CE6D7 /* APContact+FullName.m in Sources */,
				8E89D5D71A3CA8B6001CE6D7 /* main.m in Sources */,
				8E89D5FE1A3CA94B001CE6D7 /* KBContactsSelectionViewController.m in Sources */,
				8E89D6031A3CAA75001CE6D7 /* KBContactCell.m in Sources */,
				8E89D60D1A3CAEEC001CE6D7 /* KBContactsTableViewDataSource.m in Sources */,
			);
			runOnlyForDeploymentPostprocessing = 0;
		};
		8E89D5E61A3CA8B6001CE6D7 /* Sources */ = {
			isa = PBXSourcesBuildPhase;
			buildActionMask = 2147483647;
			files = (
				8E89D5F11A3CA8B6001CE6D7 /* KBContactsSelectionExampleTests.m in Sources */,
			);
			runOnlyForDeploymentPostprocessing = 0;
		};
/* End PBXSourcesBuildPhase section */

/* Begin PBXTargetDependency section */
		8E89D5EC1A3CA8B6001CE6D7 /* PBXTargetDependency */ = {
			isa = PBXTargetDependency;
			target = 8E89D5D01A3CA8B6001CE6D7 /* KBContactsSelectionExample */;
			targetProxy = 8E89D5EB1A3CA8B6001CE6D7 /* PBXContainerItemProxy */;
		};
/* End PBXTargetDependency section */

/* Begin PBXVariantGroup section */
		8E89D5DE1A3CA8B6001CE6D7 /* Main.storyboard */ = {
			isa = PBXVariantGroup;
			children = (
				8E89D5DF1A3CA8B6001CE6D7 /* Base */,
			);
			name = Main.storyboard;
			sourceTree = "<group>";
		};
		8E89D5E31A3CA8B6001CE6D7 /* LaunchScreen.xib */ = {
			isa = PBXVariantGroup;
			children = (
				8E89D5E41A3CA8B6001CE6D7 /* Base */,
			);
			name = LaunchScreen.xib;
			sourceTree = "<group>";
		};
/* End PBXVariantGroup section */

/* Begin XCBuildConfiguration section */
		8E89D5F21A3CA8B6001CE6D7 /* Debug */ = {
			isa = XCBuildConfiguration;
			buildSettings = {
				ALWAYS_SEARCH_USER_PATHS = NO;
				CLANG_CXX_LANGUAGE_STANDARD = "gnu++0x";
				CLANG_CXX_LIBRARY = "libc++";
				CLANG_ENABLE_MODULES = YES;
				CLANG_ENABLE_OBJC_ARC = YES;
				CLANG_WARN_BOOL_CONVERSION = YES;
				CLANG_WARN_CONSTANT_CONVERSION = YES;
				CLANG_WARN_DIRECT_OBJC_ISA_USAGE = YES_ERROR;
				CLANG_WARN_EMPTY_BODY = YES;
				CLANG_WARN_ENUM_CONVERSION = YES;
				CLANG_WARN_INT_CONVERSION = YES;
				CLANG_WARN_OBJC_ROOT_CLASS = YES_ERROR;
				CLANG_WARN_UNREACHABLE_CODE = YES;
				CLANG_WARN__DUPLICATE_METHOD_MATCH = YES;
				"CODE_SIGN_IDENTITY[sdk=iphoneos*]" = "iPhone Developer";
				COPY_PHASE_STRIP = NO;
				ENABLE_STRICT_OBJC_MSGSEND = YES;
				ENABLE_TESTABILITY = YES;
				GCC_C_LANGUAGE_STANDARD = gnu99;
				GCC_DYNAMIC_NO_PIC = NO;
				GCC_OPTIMIZATION_LEVEL = 0;
				GCC_PREPROCESSOR_DEFINITIONS = (
					"DEBUG=1",
					"$(inherited)",
				);
				GCC_SYMBOLS_PRIVATE_EXTERN = NO;
				GCC_WARN_64_TO_32_BIT_CONVERSION = YES;
				GCC_WARN_ABOUT_RETURN_TYPE = YES_ERROR;
				GCC_WARN_UNDECLARED_SELECTOR = YES;
				GCC_WARN_UNINITIALIZED_AUTOS = YES_AGGRESSIVE;
				GCC_WARN_UNUSED_FUNCTION = YES;
				GCC_WARN_UNUSED_VARIABLE = YES;
				IPHONEOS_DEPLOYMENT_TARGET = 8.1;
				MTL_ENABLE_DEBUG_INFO = YES;
				ONLY_ACTIVE_ARCH = YES;
				SDKROOT = iphoneos;
				TARGETED_DEVICE_FAMILY = "1,2";
			};
			name = Debug;
		};
		8E89D5F31A3CA8B6001CE6D7 /* Release */ = {
			isa = XCBuildConfiguration;
			buildSettings = {
				ALWAYS_SEARCH_USER_PATHS = NO;
				CLANG_CXX_LANGUAGE_STANDARD = "gnu++0x";
				CLANG_CXX_LIBRARY = "libc++";
				CLANG_ENABLE_MODULES = YES;
				CLANG_ENABLE_OBJC_ARC = YES;
				CLANG_WARN_BOOL_CONVERSION = YES;
				CLANG_WARN_CONSTANT_CONVERSION = YES;
				CLANG_WARN_DIRECT_OBJC_ISA_USAGE = YES_ERROR;
				CLANG_WARN_EMPTY_BODY = YES;
				CLANG_WARN_ENUM_CONVERSION = YES;
				CLANG_WARN_INT_CONVERSION = YES;
				CLANG_WARN_OBJC_ROOT_CLASS = YES_ERROR;
				CLANG_WARN_UNREACHABLE_CODE = YES;
				CLANG_WARN__DUPLICATE_METHOD_MATCH = YES;
				"CODE_SIGN_IDENTITY[sdk=iphoneos*]" = "iPhone Developer";
				COPY_PHASE_STRIP = YES;
				ENABLE_NS_ASSERTIONS = NO;
				ENABLE_STRICT_OBJC_MSGSEND = YES;
				GCC_C_LANGUAGE_STANDARD = gnu99;
				GCC_WARN_64_TO_32_BIT_CONVERSION = YES;
				GCC_WARN_ABOUT_RETURN_TYPE = YES_ERROR;
				GCC_WARN_UNDECLARED_SELECTOR = YES;
				GCC_WARN_UNINITIALIZED_AUTOS = YES_AGGRESSIVE;
				GCC_WARN_UNUSED_FUNCTION = YES;
				GCC_WARN_UNUSED_VARIABLE = YES;
				IPHONEOS_DEPLOYMENT_TARGET = 8.1;
				MTL_ENABLE_DEBUG_INFO = NO;
				SDKROOT = iphoneos;
				TARGETED_DEVICE_FAMILY = "1,2";
				VALIDATE_PRODUCT = YES;
			};
			name = Release;
		};
		8E89D5F51A3CA8B6001CE6D7 /* Debug */ = {
			isa = XCBuildConfiguration;
			baseConfigurationReference = A9CB46BDAB0549C2A36BE3C5 /* Pods-KBContactsSelectionExample.debug.xcconfig */;
			buildSettings = {
				ASSETCATALOG_COMPILER_APPICON_NAME = AppIcon;
				INFOPLIST_FILE = KBContactsSelectionExample/Info.plist;
				LD_RUNPATH_SEARCH_PATHS = "$(inherited) @executable_path/Frameworks";
				PRODUCT_BUNDLE_IDENTIFIER = "pl.sigmapoint.$(PRODUCT_NAME:rfc1034identifier)";
				PRODUCT_NAME = "$(TARGET_NAME)";
			};
			name = Debug;
		};
		8E89D5F61A3CA8B6001CE6D7 /* Release */ = {
			isa = XCBuildConfiguration;
			baseConfigurationReference = AA483AA219930DF2E6570916 /* Pods-KBContactsSelectionExample.release.xcconfig */;
			buildSettings = {
				ASSETCATALOG_COMPILER_APPICON_NAME = AppIcon;
				INFOPLIST_FILE = KBContactsSelectionExample/Info.plist;
				LD_RUNPATH_SEARCH_PATHS = "$(inherited) @executable_path/Frameworks";
				PRODUCT_BUNDLE_IDENTIFIER = "pl.sigmapoint.$(PRODUCT_NAME:rfc1034identifier)";
				PRODUCT_NAME = "$(TARGET_NAME)";
			};
			name = Release;
		};
		8E89D5F81A3CA8B6001CE6D7 /* Debug */ = {
			isa = XCBuildConfiguration;
			buildSettings = {
				BUNDLE_LOADER = "$(TEST_HOST)";
				FRAMEWORK_SEARCH_PATHS = (
					"$(SDKROOT)/Developer/Library/Frameworks",
					"$(inherited)",
				);
				GCC_PREPROCESSOR_DEFINITIONS = (
					"DEBUG=1",
					"$(inherited)",
				);
				INFOPLIST_FILE = KBContactsSelectionExampleTests/Info.plist;
				LD_RUNPATH_SEARCH_PATHS = "$(inherited) @executable_path/Frameworks @loader_path/Frameworks";
				PRODUCT_BUNDLE_IDENTIFIER = "pl.sigmapoint.$(PRODUCT_NAME:rfc1034identifier)";
				PRODUCT_NAME = "$(TARGET_NAME)";
				TEST_HOST = "$(BUILT_PRODUCTS_DIR)/KBContactsSelectionExample.app/KBContactsSelectionExample";
			};
			name = Debug;
		};
		8E89D5F91A3CA8B6001CE6D7 /* Release */ = {
			isa = XCBuildConfiguration;
			buildSettings = {
				BUNDLE_LOADER = "$(TEST_HOST)";
				FRAMEWORK_SEARCH_PATHS = (
					"$(SDKROOT)/Developer/Library/Frameworks",
					"$(inherited)",
				);
				INFOPLIST_FILE = KBContactsSelectionExampleTests/Info.plist;
				LD_RUNPATH_SEARCH_PATHS = "$(inherited) @executable_path/Frameworks @loader_path/Frameworks";
				PRODUCT_BUNDLE_IDENTIFIER = "pl.sigmapoint.$(PRODUCT_NAME:rfc1034identifier)";
				PRODUCT_NAME = "$(TARGET_NAME)";
				TEST_HOST = "$(BUILT_PRODUCTS_DIR)/KBContactsSelectionExample.app/KBContactsSelectionExample";
			};
			name = Release;
		};
/* End XCBuildConfiguration section */

/* Begin XCConfigurationList section */
		8E89D5CC1A3CA8B6001CE6D7 /* Build configuration list for PBXProject "KBContactsSelectionExample" */ = {
			isa = XCConfigurationList;
			buildConfigurations = (
				8E89D5F21A3CA8B6001CE6D7 /* Debug */,
				8E89D5F31A3CA8B6001CE6D7 /* Release */,
			);
			defaultConfigurationIsVisible = 0;
			defaultConfigurationName = Release;
		};
		8E89D5F41A3CA8B6001CE6D7 /* Build configuration list for PBXNativeTarget "KBContactsSelectionExample" */ = {
			isa = XCConfigurationList;
			buildConfigurations = (
				8E89D5F51A3CA8B6001CE6D7 /* Debug */,
				8E89D5F61A3CA8B6001CE6D7 /* Release */,
			);
			defaultConfigurationIsVisible = 0;
			defaultConfigurationName = Release;
		};
		8E89D5F71A3CA8B6001CE6D7 /* Build configuration list for PBXNativeTarget "KBContactsSelectionExampleTests" */ = {
			isa = XCConfigurationList;
			buildConfigurations = (
				8E89D5F81A3CA8B6001CE6D7 /* Debug */,
				8E89D5F91A3CA8B6001CE6D7 /* Release */,
			);
			defaultConfigurationIsVisible = 0;
			defaultConfigurationName = Release;
		};
/* End XCConfigurationList section */
	};
	rootObject = 8E89D5C91A3CA8B6001CE6D7 /* Project object */;
}
